{
    "name": "e2e",
    "version": "1.0.0",
    "lockfileVersion": 3,
    "requires": true,
    "packages": {
        "": {
            "name": "e2e",
            "version": "1.0.0",
            "license": "MIT",
            "dependencies": {
                "mec-test": "file:.."
            }
        },
        "..": {
            "version": "1.0.0",
            "license": "MIT",
            "dependencies": {
                "chai": "^4.3.10",
                "debug": "^4.3.4",
                "eta": "^2.0.1",
                "glob": "^10.3.10",
                "puppeteer": "^19.9.1",
                "sinon": "^17.0.1",
                "yargs": "^17.7.2"
            },
            "bin": {
                "mc": "packages/bin/mc.js"
            },
            "devDependencies": {
                "@release-it/keep-a-changelog": "^4.0.0",
                "prettier": "2.8.7",
                "release-it": "^16.2.1"
            },
            "engines": {
                "node": ">=20"
            }
        },
        "node_modules/mec-test": {
            "resolved": "..",
            "link": true
        }
    }
}
